
Microsoft Visual Studio Solution File, Format Version 12.00
# Visual Studio Version 17
VisualStudioVersion = 17.1.32210.238
MinimumVisualStudioVersion = 10.0.40219.1
Project("{FAE04EC0-301F-11D3-BF4B-00C04F79EFBC}") = "BAI_CLIENT_TCP_QL_BAN_MAYTINH", "BAI_CLIENT_TCP_QL_BAN_MAYTINH.csproj", "{1710B1C7-71D9-447F-B966-63F1907588C6}"
EndProject
Global
	GlobalSection(SolutionConfigurationPlatforms) = preSolution
		Debug|Any CPU = Debug|Any CPU
		Release|Any CPU = Release|Any CPU
	EndGlobalSection
	GlobalSection(ProjectConfigurationPlatforms) = postSolution
		{1710B1C7-71D9-447F-B966-63F1907588C6}.Debug|Any CPU.ActiveCfg = Debug|Any CPU
		{1710B1C7-71D9-447F-B966-63F1907588C6}.Debug|Any CPU.Build.0 = Debug|Any CPU
		{1710B1C7-71D9-447F-B966-63F1907588C6}.Release|Any CPU.ActiveCfg = Release|Any CPU
		{1710B1C7-71D9-447F-B966-63F1907588C6}.Release|Any CPU.Build.0 = Release|Any CPU
	EndGlobalSection
	GlobalSection(SolutionProperties) = preSolution
		HideSolutionNode = FALSE
	EndGlobalSection
	GlobalSection(ExtensibilityGlobals) = postSolution
		SolutionGuid = {2AD39E3D-7624-4A57-818B-C361CA2D0215}
	EndGlobalSection
EndGlobal
